
Microsoft Visual Studio Solution File, Format Version 12.00
# Visual Studio 15
VisualStudioVersion = 15.0.26228.4
MinimumVisualStudioVersion = 10.0.40219.1
Project("{FAE04EC0-301F-11D3-BF4B-00C04F79EFBC}") = "Supermarket Simulation", "Supermarket Simulation\Supermarket Simulation.csproj", "{14D42752-324A-41F8-8F3E-A055C75EC657}"
EndProject
Project("{F2A71F9B-5D33-465A-A702-920D77279786}") = "SupermarketLogic", "SupermarketLogic\SupermarketLogic.fsproj", "{1E90A00C-6A13-40F0-9634-E9989675D903}"
EndProject
Project("{F2A71F9B-5D33-465A-A702-920D77279786}") = "Tutorial", "Tutorial\Tutorial.fsproj", "{0B11AB9C-F4D5-402B-99D6-5C63B00B7A28}"
EndProject
Global
	GlobalSection(SolutionConfigurationPlatforms) = preSolution
		Debug|Any CPU = Debug|Any CPU
		Debug|x86 = Debug|x86
		Release|Any CPU = Release|Any CPU
		Release|x86 = Release|x86
	EndGlobalSection
	GlobalSection(ProjectConfigurationPlatforms) = postSolution
		{14D42752-324A-41F8-8F3E-A055C75EC657}.Debug|Any CPU.ActiveCfg = Debug|x86
		{14D42752-324A-41F8-8F3E-A055C75EC657}.Debug|x86.ActiveCfg = Debug|x86
		{14D42752-324A-41F8-8F3E-A055C75EC657}.Debug|x86.Build.0 = Debug|x86
		{14D42752-324A-41F8-8F3E-A055C75EC657}.Release|Any CPU.ActiveCfg = Release|x86
		{14D42752-324A-41F8-8F3E-A055C75EC657}.Release|x86.ActiveCfg = Release|x86
		{14D42752-324A-41F8-8F3E-A055C75EC657}.Release|x86.Build.0 = Release|x86
		{1E90A00C-6A13-40F0-9634-E9989675D903}.Debug|Any CPU.ActiveCfg = Debug|Any CPU
		{1E90A00C-6A13-40F0-9634-E9989675D903}.Debug|Any CPU.Build.0 = Debug|Any CPU
		{1E90A00C-6A13-40F0-9634-E9989675D903}.Debug|x86.ActiveCfg = Debug|Any CPU
		{1E90A00C-6A13-40F0-9634-E9989675D903}.Debug|x86.Build.0 = Debug|Any CPU
		{1E90A00C-6A13-40F0-9634-E9989675D903}.Release|Any CPU.ActiveCfg = Release|Any CPU
		{1E90A00C-6A13-40F0-9634-E9989675D903}.Release|Any CPU.Build.0 = Release|Any CPU
		{1E90A00C-6A13-40F0-9634-E9989675D903}.Release|x86.ActiveCfg = Release|Any CPU
		{1E90A00C-6A13-40F0-9634-E9989675D903}.Release|x86.Build.0 = Release|Any CPU
		{0B11AB9C-F4D5-402B-99D6-5C63B00B7A28}.Debug|Any CPU.ActiveCfg = Debug|Any CPU
		{0B11AB9C-F4D5-402B-99D6-5C63B00B7A28}.Debug|Any CPU.Build.0 = Debug|Any CPU
		{0B11AB9C-F4D5-402B-99D6-5C63B00B7A28}.Debug|x86.ActiveCfg = Debug|Any CPU
		{0B11AB9C-F4D5-402B-99D6-5C63B00B7A28}.Debug|x86.Build.0 = Debug|Any CPU
		{0B11AB9C-F4D5-402B-99D6-5C63B00B7A28}.Release|Any CPU.ActiveCfg = Release|Any CPU
		{0B11AB9C-F4D5-402B-99D6-5C63B00B7A28}.Release|Any CPU.Build.0 = Release|Any CPU
		{0B11AB9C-F4D5-402B-99D6-5C63B00B7A28}.Release|x86.ActiveCfg = Release|Any CPU
		{0B11AB9C-F4D5-402B-99D6-5C63B00B7A28}.Release|x86.Build.0 = Release|Any CPU
	EndGlobalSection
	GlobalSection(SolutionProperties) = preSolution
		HideSolutionNode = FALSE
	EndGlobalSection
EndGlobal
